PODS:
  - AFNetworking (2.2.1):
    - AFNetworking/NSURLConnection
    - AFNetworking/NSURLSession
    - AFNetworking/Reachability
    - AFNetworking/Security
    - AFNetworking/Serialization
    - AFNetworking/UIKit
  - AFNetworking/NSURLConnection (2.2.1):
    - AFNetworking/Reachability
    - AFNetworking/Security
    - AFNetworking/Serialization
  - AFNetworking/NSURLSession (2.2.1):
    - AFNetworking/NSURLConnection
  - AFNetworking/Reachability (2.2.1)
  - AFNetworking/Security (2.2.1)
  - AFNetworking/Serialization (2.2.1)
  - AFNetworking/UIKit (2.2.1):
    - AFNetworking/NSURLConnection
    - AFNetworking/NSURLSession
  - CocoaLumberjack (1.6.5.1):
    - CocoaLumberjack/Core
    - CocoaLumberjack/Extensions
  - CocoaLumberjack/Core (1.6.5.1)
  - CocoaLumberjack/Extensions (1.6.5.1):
    - CocoaLumberjack/Core
  - CrashlyticsLumberjack (1.0.1):
    - CocoaLumberjack/Core
  - CSNotificationView (0.3.6)
  - FormatterKit/TimeIntervalFormatter (1.4.2)
  - GROAuth2SessionManager (0.2.2):
    - AFNetworking (~> 2.2.1)
  - HockeySDK (3.5.4)
  - Mixpanel (2.0.5)

DEPENDENCIES:
  - AFNetworking (~> 2.2.1)
  - CocoaLumberjack (~> 1.6.5)
  - CrashlyticsLumberjack (~> 1.0.1)
  - CSNotificationView (~> 0.3.5)
  - FormatterKit/TimeIntervalFormatter (~> 1.4.2)
  - GROAuth2SessionManager (~> 0.2.2)
  - HockeySDK (~> 3.5.4)
  - Mixpanel (~> 2.0.5)

SPEC CHECKSUMS:
  AFNetworking: 0121f4b69be3fa58d1ab317866e036e12ac9651d
  CocoaLumberjack: 17803afbade3126a377d32b8d23367264b44ced6
  CrashlyticsLumberjack: 8ee2adbd0f815d8b111e5f72cd82d39b08430ebc
  CSNotificationView: d54543c57662d91d8fe4fefd77dcfc7c2d12bfa9
  FormatterKit: 2c241963bc3bf3f2b52e82c0a8e29a8f9865bf3d
  GROAuth2SessionManager: 3500da9d67b18b6d31ea9c842eb5b8a84fb42b1c
  HockeySDK: aa28abb106de7804d31acf515f2c9aa4e6481fd0
  Mixpanel: ae75a13e121828944468502004686277203bc13b

COCOAPODS: 0.31.1
